
Microsoft Visual Studio Solution File, Format Version 12.00
# Visual Studio Version 16
VisualStudioVersion = 16.0.30114.105
MinimumVisualStudioVersion = 10.0.40219.1
Project("{FAE04EC0-301F-11D3-BF4B-00C04F79EFBC}") = "ContosoScoreboard.Web", "src\ContosoScoreboard.Web\ContosoScoreboard.Web.csproj", "{3B1F0A9C-6E4D-4C21-9C1A-1A2B3C4D5E6F}"
EndProject
Project("{FAE04EC0-301F-11D3-BF4B-00C04F79EFBC}") = "ContosoScoreboard.ScoringService", "src\ContosoScoreboard.ScoringService\ContosoScoreboard.ScoringService.csproj", "{7C2E1B4A-8F3D-4A56-B7C8-9D0E1F2A3B4C}"
EndProject
Global
	GlobalSection(SolutionConfigurationPlatforms) = preSolution
		Debug|Any CPU = Debug|Any CPU
		Release|Any CPU = Release|Any CPU
	EndGlobalSection
	GlobalSection(ProjectConfigurationPlatforms) = postSolution
		{3B1F0A9C-6E4D-4C21-9C1A-1A2B3C4D5E6F}.Debug|Any CPU.ActiveCfg = Debug|Any CPU
		{3B1F0A9C-6E4D-4C21-9C1A-1A2B3C4D5E6F}.Debug|Any CPU.Build.0 = Debug|Any CPU
		{3B1F0A9C-6E4D-4C21-9C1A-1A2B3C4D5E6F}.Release|Any CPU.ActiveCfg = Release|Any CPU
		{3B1F0A9C-6E4D-4C21-9C1A-1A2B3C4D5E6F}.Release|Any CPU.Build.0 = Release|Any CPU
		{7C2E1B4A-8F3D-4A56-B7C8-9D0E1F2A3B4C}.Debug|Any CPU.ActiveCfg = Debug|Any CPU
		{7C2E1B4A-8F3D-4A56-B7C8-9D0E1F2A3B4C}.Debug|Any CPU.Build.0 = Debug|Any CPU
		{7C2E1B4A-8F3D-4A56-B7C8-9D0E1F2A3B4C}.Release|Any CPU.ActiveCfg = Release|Any CPU
		{7C2E1B4A-8F3D-4A56-B7C8-9D0E1F2A3B4C}.Release|Any CPU.Build.0 = Release|Any CPU
	EndGlobalSection
EndGlobal
